
Microsoft Visual Studio Solution File, Format Version 12.00
Project("{FAE04EC0-301F-11D3-BF4B-00C04F79EFBC}") = "HtmlCssToImage.Net", "HtmlCssToImage.Net\HtmlCssToImage.Net.csproj", "{2FB8327A-75EF-4A2C-BE76-6B2B51C4FF43}"
EndProject
Project("{FAE04EC0-301F-11D3-BF4B-00C04F79EFBC}") = "HtmlCssToImage.Net.Tests", "HtmlCssToImage.Net.Tests\HtmlCssToImage.Net.Tests.csproj", "{1FAEA084-54A5-45E4-9185-BBEA49D30399}"
EndProject
Global
	GlobalSection(SolutionConfigurationPlatforms) = preSolution
		Debug|Any CPU = Debug|Any CPU
		Release|Any CPU = Release|Any CPU
	EndGlobalSection
	GlobalSection(ProjectConfigurationPlatforms) = postSolution
		{2FB8327A-75EF-4A2C-BE76-6B2B51C4FF43}.Debug|Any CPU.ActiveCfg = Debug|Any CPU
		{2FB8327A-75EF-4A2C-BE76-6B2B51C4FF43}.Debug|Any CPU.Build.0 = Debug|Any CPU
		{2FB8327A-75EF-4A2C-BE76-6B2B51C4FF43}.Release|Any CPU.ActiveCfg = Release|Any CPU
		{2FB8327A-75EF-4A2C-BE76-6B2B51C4FF43}.Release|Any CPU.Build.0 = Release|Any CPU
		{1FAEA084-54A5-45E4-9185-BBEA49D30399}.Debug|Any CPU.ActiveCfg = Debug|Any CPU
		{1FAEA084-54A5-45E4-9185-BBEA49D30399}.Debug|Any CPU.Build.0 = Debug|Any CPU
		{1FAEA084-54A5-45E4-9185-BBEA49D30399}.Release|Any CPU.ActiveCfg = Release|Any CPU
		{1FAEA084-54A5-45E4-9185-BBEA49D30399}.Release|Any CPU.Build.0 = Release|Any CPU
	EndGlobalSection
EndGlobal
